
Microsoft Visual Studio Solution File, Format Version 12.00
# Visual Studio Version 16
VisualStudioVersion = 16.0.29503.13
MinimumVisualStudioVersion = 10.0.40219.1
Project("{FAE04EC0-301F-11D3-BF4B-00C04F79EFBC}") = "LoginPage", "LoginPage\LoginPage.csproj", "{1C65939B-AFAB-4DAF-9936-FDC93247DE5A}"
EndProject
Global
	GlobalSection(SolutionConfigurationPlatforms) = preSolution
		Debug|Any CPU = Debug|Any CPU
		Release|Any CPU = Release|Any CPU
	EndGlobalSection
	GlobalSection(ProjectConfigurationPlatforms) = postSolution
		{1C65939B-AFAB-4DAF-9936-FDC93247DE5A}.Debug|Any CPU.ActiveCfg = Debug|Any CPU
		{1C65939B-AFAB-4DAF-9936-FDC93247DE5A}.Debug|Any CPU.Build.0 = Debug|Any CPU
		{1C65939B-AFAB-4DAF-9936-FDC93247DE5A}.Release|Any CPU.ActiveCfg = Release|Any CPU
		{1C65939B-AFAB-4DAF-9936-FDC93247DE5A}.Release|Any CPU.Build.0 = Release|Any CPU
	EndGlobalSection
	GlobalSection(SolutionProperties) = preSolution
		HideSolutionNode = FALSE
	EndGlobalSection
	GlobalSection(ExtensibilityGlobals) = postSolution
		SolutionGuid = {8FF2D919-11D4-467C-B6AC-FF43D2E16ADA}
	EndGlobalSection
EndGlobal
